
Microsoft Visual Studio Solution File, Format Version 12.00
# Visual Studio 15
VisualStudioVersion = 15.0.26430.16
MinimumVisualStudioVersion = 10.0.40219.1
Project("{FAE04EC0-301F-11D3-BF4B-00C04F79EFBC}") = "DAL", "DAL\DAL.csproj", "{F1B132D3-B75E-4ECC-B8D3-D3F560B424A6}"
EndProject
Project("{FAE04EC0-301F-11D3-BF4B-00C04F79EFBC}") = "Charts", "Charts\Charts.csproj", "{DDBA9C0C-3254-41EC-82BE-7047220A7CD8}"
EndProject
Project("{FAE04EC0-301F-11D3-BF4B-00C04F79EFBC}") = "UTPCharts", "UTPCharts\UTPCharts.csproj", "{B5864476-F029-417C-8A80-D32129A619C9}"
EndProject
Global
	GlobalSection(SolutionConfigurationPlatforms) = preSolution
		Debug|Any CPU = Debug|Any CPU
		Release|Any CPU = Release|Any CPU
	EndGlobalSection
	GlobalSection(ProjectConfigurationPlatforms) = postSolution
		{F1B132D3-B75E-4ECC-B8D3-D3F560B424A6}.Debug|Any CPU.ActiveCfg = Debug|Any CPU
		{F1B132D3-B75E-4ECC-B8D3-D3F560B424A6}.Debug|Any CPU.Build.0 = Debug|Any CPU
		{F1B132D3-B75E-4ECC-B8D3-D3F560B424A6}.Release|Any CPU.ActiveCfg = Release|Any CPU
		{F1B132D3-B75E-4ECC-B8D3-D3F560B424A6}.Release|Any CPU.Build.0 = Release|Any CPU
		{DDBA9C0C-3254-41EC-82BE-7047220A7CD8}.Debug|Any CPU.ActiveCfg = Debug|Any CPU
		{DDBA9C0C-3254-41EC-82BE-7047220A7CD8}.Debug|Any CPU.Build.0 = Debug|Any CPU
		{DDBA9C0C-3254-41EC-82BE-7047220A7CD8}.Release|Any CPU.ActiveCfg = Release|Any CPU
		{DDBA9C0C-3254-41EC-82BE-7047220A7CD8}.Release|Any CPU.Build.0 = Release|Any CPU
		{B5864476-F029-417C-8A80-D32129A619C9}.Debug|Any CPU.ActiveCfg = Debug|Any CPU
		{B5864476-F029-417C-8A80-D32129A619C9}.Debug|Any CPU.Build.0 = Debug|Any CPU
		{B5864476-F029-417C-8A80-D32129A619C9}.Release|Any CPU.ActiveCfg = Release|Any CPU
		{B5864476-F029-417C-8A80-D32129A619C9}.Release|Any CPU.Build.0 = Release|Any CPU
	EndGlobalSection
	GlobalSection(SolutionProperties) = preSolution
		HideSolutionNode = FALSE
	EndGlobalSection
EndGlobal
